// !$*UTF8*$!
{
	archiveVersion = 1;
	classes = {
	};
	objectVersion = 46;
	objects = {

/* Begin PBXBuildFile section */
		EA13B0DE1BD8201900F286AD /* AppDelegate.swift in Sources */ = {isa = PBXBuildFile; fileRef = EA13B0DB1BD8201900F286AD /* AppDelegate.swift */; };
		EA13B0DF1BD8201900F286AD /* CollectionViewCell.swift in Sources */ = {isa = PBXBuildFile; fileRef = EA13B0DC1BD8201900F286AD /* CollectionViewCell.swift */; };
		EA13B0E01BD8201900F286AD /* CollectionViewController.swift in Sources */ = {isa = PBXBuildFile; fileRef = EA13B0DD1BD8201900F286AD /* CollectionViewController.swift */; };
		EA13B0E21BD8202B00F286AD /* Assets.xcassets in Resources */ = {isa = PBXBuildFile; fileRef = EA13B0E11BD8202B00F286AD /* Assets.xcassets */; };
		EA13B0E41BD8203300F286AD /* Info.plist in Resources */ = {isa = PBXBuildFile; fileRef = EA13B0E31BD8203300F286AD /* Info.plist */; };
		EABB73E11BD8210700E3BD49 /* AppDelegate.swift in Sources */ = {isa = PBXBuildFile; fileRef = EA13B0DB1BD8201900F286AD /* AppDelegate.swift */; };
		EABB73E21BD8210700E3BD49 /* CollectionViewCell.swift in Sources */ = {isa = PBXBuildFile; fileRef = EA13B0DC1BD8201900F286AD /* CollectionViewCell.swift */; };
		EABB73E31BD8210700E3BD49 /* CollectionViewController.swift in Sources */ = {isa = PBXBuildFile; fileRef = EA13B0DD1BD8201900F286AD /* CollectionViewController.swift */; };
		EACDACBF1BD812C900413B04 /* Main.storyboard in Resources */ = {isa = PBXBuildFile; fileRef = EACDACBD1BD812C900413B04 /* Main.storyboard */; };
		EACDACC11BD812C900413B04 /* Assets.xcassets in Resources */ = {isa = PBXBuildFile; fileRef = EACDACC01BD812C900413B04 /* Assets.xcassets */; };
		EACDACC41BD812C900413B04 /* LaunchScreen.storyboard in Resources */ = {isa = PBXBuildFile; fileRef = EACDACC21BD812C900413B04 /* LaunchScreen.storyboard */; };
		EADCD41D1BD8208E00C3DE5E /* Main.storyboard in Resources */ = {isa = PBXBuildFile; fileRef = EADCD41B1BD8208E00C3DE5E /* Main.storyboard */; };
/* End PBXBuildFile section */

/* Begin PBXFileReference section */
		EA13B0DB1BD8201900F286AD /* AppDelegate.swift */ = {isa = PBXFileReference; fileEncoding = 4; lastKnownFileType = sourcecode.swift; name = AppDelegate.swift; path = TV_CollectionViewController/AppDelegate.swift; sourceTree = "<group>"; };
		EA13B0DC1BD8201900F286AD /* CollectionViewCell.swift */ = {isa = PBXFileReference; fileEncoding = 4; lastKnownFileType = sourcecode.swift; name = CollectionViewCell.swift; path = TV_CollectionViewController/CollectionViewCell.swift; sourceTree = "<group>"; };
		EA13B0DD1BD8201900F286AD /* CollectionViewController.swift */ = {isa = PBXFileReference; fileEncoding = 4; lastKnownFileType = sourcecode.swift; name = CollectionViewController.swift; path = TV_CollectionViewController/CollectionViewController.swift; sourceTree = "<group>"; };
		EA13B0E11BD8202B00F286AD /* Assets.xcassets */ = {isa = PBXFileReference; lastKnownFileType = folder.assetcatalog; name = Assets.xcassets; path = TV_CollectionViewController/Assets.xcassets; sourceTree = SOURCE_ROOT; };
		EA13B0E31BD8203300F286AD /* Info.plist */ = {isa = PBXFileReference; fileEncoding = 4; lastKnownFileType = text.plist.xml; name = Info.plist; path = TV_CollectionViewController/Info.plist; sourceTree = SOURCE_ROOT; };
		EA71625C1BD42CFF00612EFF /* tvOS.app */ = {isa = PBXFileReference; explicitFileType = wrapper.application; includeInIndex = 0; path = tvOS.app; sourceTree = BUILT_PRODUCTS_DIR; };
		EACDACB71BD812C900413B04 /* iOS.app */ = {isa = PBXFileReference; explicitFileType = wrapper.application; includeInIndex = 0; path = iOS.app; sourceTree = BUILT_PRODUCTS_DIR; };
		EACDACBE1BD812C900413B04 /* Base */ = {isa = PBXFileReference; lastKnownFileType = file.storyboard; name = Base; path = Base.lproj/Main.storyboard; sourceTree = "<group>"; };
		EACDACC01BD812C900413B04 /* Assets.xcassets */ = {isa = PBXFileReference; lastKnownFileType = folder.assetcatalog; path = Assets.xcassets; sourceTree = "<group>"; };
		EACDACC31BD812C900413B04 /* Base */ = {isa = PBXFileReference; lastKnownFileType = file.storyboard; name = Base; path = Base.lproj/LaunchScreen.storyboard; sourceTree = "<group>"; };
		EACDACC51BD812C900413B04 /* Info.plist */ = {isa = PBXFileReference; lastKnownFileType = text.plist.xml; path = Info.plist; sourceTree = "<group>"; };
		EADCD41C1BD8208E00C3DE5E /* Base */ = {isa = PBXFileReference; lastKnownFileType = file.storyboard; name = Base; path = TV_CollectionViewController/Base.lproj/Main.storyboard; sourceTree = SOURCE_ROOT; };
/* End PBXFileReference section */

/* Begin PBXFrameworksBuildPhase section */
		EA7162591BD42CFF00612EFF /* Frameworks */ = {
			isa = PBXFrameworksBuildPhase;
			buildActionMask = 2147483647;
			files = (
			);
			runOnlyForDeploymentPostprocessing = 0;
		};
		EACDACB41BD812C900413B04 /* Frameworks */ = {
			isa = PBXFrameworksBuildPhase;
			buildActionMask = 2147483647;
			files = (
			);
			runOnlyForDeploymentPostprocessing = 0;
		};
/* End PBXFrameworksBuildPhase section */

/* Begin PBXGroup section */
		EA7162531BD42CFF00612EFF = {
			isa = PBXGroup;
			children = (
				EACDACC91BD812F500413B04 /* Squeeze */,
				EACDACB81BD812C900413B04 /* iOS */,
				EA71625E1BD42CFF00612EFF /* tvOS */,
				EA71625D1BD42CFF00612EFF /* Products */,
			);
			sourceTree = "<group>";
		};
		EA71625D1BD42CFF00612EFF /* Products */ = {
			isa = PBXGroup;
			children = (
				EA71625C1BD42CFF00612EFF /* tvOS.app */,
				EACDACB71BD812C900413B04 /* iOS.app */,
			);
			name = Products;
			sourceTree = "<group>";
		};
		EA71625E1BD42CFF00612EFF /* tvOS */ = {
			isa = PBXGroup;
			children = (
				EADCD41B1BD8208E00C3DE5E /* Main.storyboard */,
				EA13B0E11BD8202B00F286AD /* Assets.xcassets */,
				EA13B0E31BD8203300F286AD /* Info.plist */,
			);
			name = tvOS;
			path = Squeeze;
			sourceTree = "<group>";
		};
		EACDACB81BD812C900413B04 /* iOS */ = {
			isa = PBXGroup;
			children = (
				EACDACBD1BD812C900413B04 /* Main.storyboard */,
				EACDACC01BD812C900413B04 /* Assets.xcassets */,
				EACDACC21BD812C900413B04 /* LaunchScreen.storyboard */,
				EACDACC51BD812C900413B04 /* Info.plist */,
			);
			path = iOS;
			sourceTree = "<group>";
		};
		EACDACC91BD812F500413B04 /* Squeeze */ = {
			isa = PBXGroup;
			children = (
				EA13B0DB1BD8201900F286AD /* AppDelegate.swift */,
				EA13B0DC1BD8201900F286AD /* CollectionViewCell.swift */,
				EA13B0DD1BD8201900F286AD /* CollectionViewController.swift */,
			);
			name = Squeeze;
			sourceTree = "<group>";
		};
/* End PBXGroup section */

/* Begin PBXNativeTarget section */
		EA71625B1BD42CFF00612EFF /* tvOS */ = {
			isa = PBXNativeTarget;
			buildConfigurationList = EA7162811BD42CFF00612EFF /* Build configuration list for PBXNativeTarget "tvOS" */;
			buildPhases = (
				EA7162581BD42CFF00612EFF /* Sources */,
				EA7162591BD42CFF00612EFF /* Frameworks */,
				EA71625A1BD42CFF00612EFF /* Resources */,
			);
			buildRules = (
			);
			dependencies = (
			);
			name = tvOS;
			productName = Squeeze;
			productReference = EA71625C1BD42CFF00612EFF /* tvOS.app */;
			productType = "com.apple.product-type.application";
		};
		EACDACB61BD812C900413B04 /* iOS */ = {
			isa = PBXNativeTarget;
			buildConfigurationList = EACDACC81BD812C900413B04 /* Build configuration list for PBXNativeTarget "iOS" */;
			buildPhases = (
				EACDACB31BD812C900413B04 /* Sources */,
				EACDACB41BD812C900413B04 /* Frameworks */,
				EACDACB51BD812C900413B04 /* Resources */,
			);
			buildRules = (
			);
			dependencies = (
			);
			name = iOS;
			productName = iOS;
			productReference = EACDACB71BD812C900413B04 /* iOS.app */;
			productType = "com.apple.product-type.application";
		};
/* End PBXNativeTarget section */

/* Begin PBXProject section */
		EA7162541BD42CFF00612EFF /* Project object */ = {
			isa = PBXProject;
			attributes = {
				LastSwiftUpdateCheck = 0710;
				LastUpgradeCheck = 0710;
				ORGANIZATIONNAME = "Tiago Martinho";
				TargetAttributes = {
					EA71625B1BD42CFF00612EFF = {
						CreatedOnToolsVersion = 7.1;
					};
					EACDACB61BD812C900413B04 = {
						CreatedOnToolsVersion = 7.1;
					};
				};
			};
			buildConfigurationList = EA7162571BD42CFF00612EFF /* Build configuration list for PBXProject "TV_CollectionViewController" */;
			compatibilityVersion = "Xcode 3.2";
			developmentRegion = English;
			hasScannedForEncodings = 0;
			knownRegions = (
				en,
				Base,
			);
			mainGroup = EA7162531BD42CFF00612EFF;
			productRefGroup = EA71625D1BD42CFF00612EFF /* Products */;
			projectDirPath = "";
			projectRoot = "";
			targets = (
				EA71625B1BD42CFF00612EFF /* tvOS */,
				EACDACB61BD812C900413B04 /* iOS */,
			);
		};
/* End PBXProject section */

/* Begin PBXResourcesBuildPhase section */
		EA71625A1BD42CFF00612EFF /* Resources */ = {
			isa = PBXResourcesBuildPhase;
			buildActionMask = 2147483647;
			files = (
				EADCD41D1BD8208E00C3DE5E /* Main.storyboard in Resources */,
				EA13B0E41BD8203300F286AD /* Info.plist in Resources */,
				EA13B0E21BD8202B00F286AD /* Assets.xcassets in Resources */,
			);
			runOnlyForDeploymentPostprocessing = 0;
		};
		EACDACB51BD812C900413B04 /* Resources */ = {
			isa = PBXResourcesBuildPhase;
			buildActionMask = 2147483647;
			files = (
				EACDACC41BD812C900413B04 /* LaunchScreen.storyboard in Resources */,
				EACDACC11BD812C900413B04 /* Assets.xcassets in Resources */,
				EACDACBF1BD812C900413B04 /* Main.storyboard in Resources */,
			);
			runOnlyForDeploymentPostprocessing = 0;
		};
/* End PBXResourcesBuildPhase section */

/* Begin PBXSourcesBuildPhase section */
		EA7162581BD42CFF00612EFF /* Sources */ = {
			isa = PBXSourcesBuildPhase;
			buildActionMask = 2147483647;
			files = (
				EA13B0E01BD8201900F286AD /* CollectionViewController.swift in Sources */,
				EA13B0DF1BD8201900F286AD /* CollectionViewCell.swift in Sources */,
				EA13B0DE1BD8201900F286AD /* AppDelegate.swift in Sources */,
			);
			runOnlyForDeploymentPostprocessing = 0;
		};
		EACDACB31BD812C900413B04 /* Sources */ = {
			isa = PBXSourcesBuildPhase;
			buildActionMask = 2147483647;
			files = (
				EABB73E31BD8210700E3BD49 /* CollectionViewController.swift in Sources */,
				EABB73E21BD8210700E3BD49 /* CollectionViewCell.swift in Sources */,
				EABB73E11BD8210700E3BD49 /* AppDelegate.swift in Sources */,
			);
			runOnlyForDeploymentPostprocessing = 0;
		};
/* End PBXSourcesBuildPhase section */

/* Begin PBXVariantGroup section */
		EACDACBD1BD812C900413B04 /* Main.storyboard */ = {
			isa = PBXVariantGroup;
			children = (
				EACDACBE1BD812C900413B04 /* Base */,
			);
			name = Main.storyboard;
			sourceTree = "<group>";
		};
		EACDACC21BD812C900413B04 /* LaunchScreen.storyboard */ = {
			isa = PBXVariantGroup;
			children = (
				EACDACC31BD812C900413B04 /* Base */,
			);
			name = LaunchScreen.storyboard;
			sourceTree = "<group>";
		};
		EADCD41B1BD8208E00C3DE5E /* Main.storyboard */ = {
			isa = PBXVariantGroup;
			children = (
				EADCD41C1BD8208E00C3DE5E /* Base */,
			);
			name = Main.storyboard;
			sourceTree = "<group>";
		};
/* End PBXVariantGroup section */

/* Begin XCBuildConfiguration section */
		EA71627F1BD42CFF00612EFF /* Debug */ = {
			isa = XCBuildConfiguration;
			buildSettings = {
				ALWAYS_SEARCH_USER_PATHS = NO;
				CLANG_CXX_LANGUAGE_STANDARD = "gnu++0x";
				CLANG_CXX_LIBRARY = "libc++";
				CLANG_ENABLE_MODULES = YES;
				CLANG_ENABLE_OBJC_ARC = YES;
				CLANG_WARN_BOOL_CONVERSION = YES;
				CLANG_WARN_CONSTANT_CONVERSION = YES;
				CLANG_WARN_DIRECT_OBJC_ISA_USAGE = YES_ERROR;
				CLANG_WARN_EMPTY_BODY = YES;
				CLANG_WARN_ENUM_CONVERSION = YES;
				CLANG_WARN_INT_CONVERSION = YES;
				CLANG_WARN_OBJC_ROOT_CLASS = YES_ERROR;
				CLANG_WARN_UNREACHABLE_CODE = YES;
				CLANG_WARN__DUPLICATE_METHOD_MATCH = YES;
				COPY_PHASE_STRIP = NO;
				DEBUG_INFORMATION_FORMAT = dwarf;
				ENABLE_STRICT_OBJC_MSGSEND = YES;
				ENABLE_TESTABILITY = YES;
				GCC_C_LANGUAGE_STANDARD = gnu99;
				GCC_DYNAMIC_NO_PIC = NO;
				GCC_NO_COMMON_BLOCKS = YES;
				GCC_OPTIMIZATION_LEVEL = 0;
				GCC_PREPROCESSOR_DEFINITIONS = (
					"DEBUG=1",
					"$(inherited)",
				);
				GCC_WARN_64_TO_32_BIT_CONVERSION = YES;
				GCC_WARN_ABOUT_RETURN_TYPE = YES_ERROR;
				GCC_WARN_UNDECLARED_SELECTOR = YES;
				GCC_WARN_UNINITIALIZED_AUTOS = YES_AGGRESSIVE;
				GCC_WARN_UNUSED_FUNCTION = YES;
				GCC_WARN_UNUSED_VARIABLE = YES;
				MTL_ENABLE_DEBUG_INFO = YES;
				ONLY_ACTIVE_ARCH = YES;
				SDKROOT = appletvos;
				SWIFT_OPTIMIZATION_LEVEL = "-Onone";
				TARGETED_DEVICE_FAMILY = 3;
				TVOS_DEPLOYMENT_TARGET = 9.0;
			};
			name = Debug;
		};
		EA7162801BD42CFF00612EFF /* Release */ = {
			isa = XCBuildConfiguration;
			buildSettings = {
				ALWAYS_SEARCH_USER_PATHS = NO;
				CLANG_CXX_LANGUAGE_STANDARD = "gnu++0x";
				CLANG_CXX_LIBRARY = "libc++";
				CLANG_ENABLE_MODULES = YES;
				CLANG_ENABLE_OBJC_ARC = YES;
				CLANG_WARN_BOOL_CONVERSION = YES;
				CLANG_WARN_CONSTANT_CONVERSION = YES;
				CLANG_WARN_DIRECT_OBJC_ISA_USAGE = YES_ERROR;
				CLANG_WARN_EMPTY_BODY = YES;
				CLANG_WARN_ENUM_CONVERSION = YES;
				CLANG_WARN_INT_CONVERSION = YES;
				CLANG_WARN_OBJC_ROOT_CLASS = YES_ERROR;
				CLANG_WARN_UNREACHABLE_CODE = YES;
				CLANG_WARN__DUPLICATE_METHOD_MATCH = YES;
				COPY_PHASE_STRIP = NO;
				DEBUG_INFORMATION_FORMAT = "dwarf-with-dsym";
				ENABLE_NS_ASSERTIONS = NO;
				ENABLE_STRICT_OBJC_MSGSEND = YES;
				GCC_C_LANGUAGE_STANDARD = gnu99;
				GCC_NO_COMMON_BLOCKS = YES;
				GCC_WARN_64_TO_32_BIT_CONVERSION = YES;
				GCC_WARN_ABOUT_RETURN_TYPE = YES_ERROR;
				GCC_WARN_UNDECLARED_SELECTOR = YES;
				GCC_WARN_UNINITIALIZED_AUTOS = YES_AGGRESSIVE;
				GCC_WARN_UNUSED_FUNCTION = YES;
				GCC_WARN_UNUSED_VARIABLE = YES;
				MTL_ENABLE_DEBUG_INFO = NO;
				SDKROOT = appletvos;
				TARGETED_DEVICE_FAMILY = 3;
				TVOS_DEPLOYMENT_TARGET = 9.0;
				VALIDATE_PRODUCT = YES;
			};
			name = Release;
		};
		EA7162821BD42CFF00612EFF /* Debug */ = {
			isa = XCBuildConfiguration;
			buildSettings = {
				ASSETCATALOG_COMPILER_APPICON_NAME = "App Icon & Top Shelf Image";
				ASSETCATALOG_COMPILER_LAUNCHIMAGE_NAME = LaunchImage;
				INFOPLIST_FILE = TV_CollectionViewController/Info.plist;
				LD_RUNPATH_SEARCH_PATHS = "$(inherited) @executable_path/Frameworks";
				PRODUCT_BUNDLE_IDENTIFIER = tm.tvOS;
				PRODUCT_NAME = "$(TARGET_NAME)";
			};
			name = Debug;
		};
		EA7162831BD42CFF00612EFF /* Release */ = {
			isa = XCBuildConfiguration;
			buildSettings = {
				ASSETCATALOG_COMPILER_APPICON_NAME = "App Icon & Top Shelf Image";
				ASSETCATALOG_COMPILER_LAUNCHIMAGE_NAME = LaunchImage;
				INFOPLIST_FILE = TV_CollectionViewController/Info.plist;
				LD_RUNPATH_SEARCH_PATHS = "$(inherited) @executable_path/Frameworks";
				PRODUCT_BUNDLE_IDENTIFIER = tm.tvOS;
				PRODUCT_NAME = "$(TARGET_NAME)";
			};
			name = Release;
		};
		EACDACC61BD812C900413B04 /* Debug */ = {
			isa = XCBuildConfiguration;
			buildSettings = {
				ASSETCATALOG_COMPILER_APPICON_NAME = AppIcon;
				"CODE_SIGN_IDENTITY[sdk=iphoneos*]" = "iPhone Developer";
				INFOPLIST_FILE = iOS/Info.plist;
				IPHONEOS_DEPLOYMENT_TARGET = 9.0;
				LD_RUNPATH_SEARCH_PATHS = "$(inherited) @executable_path/Frameworks";
				PRODUCT_BUNDLE_IDENTIFIER = tm.iOS;
				PRODUCT_NAME = "$(TARGET_NAME)";
				SDKROOT = iphoneos;
				TARGETED_DEVICE_FAMILY = "1,2";
			};
			name = Debug;
		};
		EACDACC71BD812C900413B04 /* Release */ = {
			isa = XCBuildConfiguration;
			buildSettings = {
				ASSETCATALOG_COMPILER_APPICON_NAME = AppIcon;
				"CODE_SIGN_IDENTITY[sdk=iphoneos*]" = "iPhone Developer";
				INFOPLIST_FILE = iOS/Info.plist;
				IPHONEOS_DEPLOYMENT_TARGET = 9.0;
				LD_RUNPATH_SEARCH_PATHS = "$(inherited) @executable_path/Frameworks";
				PRODUCT_BUNDLE_IDENTIFIER = tm.iOS;
				PRODUCT_NAME = "$(TARGET_NAME)";
				SDKROOT = iphoneos;
				TARGETED_DEVICE_FAMILY = "1,2";
			};
			name = Release;
		};
/* End XCBuildConfiguration section */

/* Begin XCConfigurationList section */
		EA7162571BD42CFF00612EFF /* Build configuration list for PBXProject "TV_CollectionViewController" */ = {
			isa = XCConfigurationList;
			buildConfigurations = (
				EA71627F1BD42CFF00612EFF /* Debug */,
				EA7162801BD42CFF00612EFF /* Release */,
			);
			defaultConfigurationIsVisible = 0;
			defaultConfigurationName = Release;
		};
		EA7162811BD42CFF00612EFF /* Build configuration list for PBXNativeTarget "tvOS" */ = {
			isa = XCConfigurationList;
			buildConfigurations = (
				EA7162821BD42CFF00612EFF /* Debug */,
				EA7162831BD42CFF00612EFF /* Release */,
			);
			defaultConfigurationIsVisible = 0;
			defaultConfigurationName = Release;
		};
		EACDACC81BD812C900413B04 /* Build configuration list for PBXNativeTarget "iOS" */ = {
			isa = XCConfigurationList;
			buildConfigurations = (
				EACDACC61BD812C900413B04 /* Debug */,
				EACDACC71BD812C900413B04 /* Release */,
			);
			defaultConfigurationIsVisible = 0;
			defaultConfigurationName = Release;
		};
/* End XCConfigurationList section */
	};
	rootObject = EA7162541BD42CFF00612EFF /* Project object */;
}
